
Microsoft Visual Studio Solution File, Format Version 12.00
# Visual Studio Version 17
VisualStudioVersion = 17.5.33424.131
MinimumVisualStudioVersion = 10.0.40219.1
Project("{9A19103F-16F7-4668-BE54-9A1E7A4F7556}") = "ROGStrixScopeRx.ConsoleApp", "ROGStrixScopeRx.ConsoleApp\ROGStrixScopeRx.ConsoleApp.csproj", "{70C974A9-9577-4830-BB0B-F3960A1DAFD7}"
EndProject
Project("{9A19103F-16F7-4668-BE54-9A1E7A4F7556}") = "ROGStrixScopeRx.Library", "ROGStrixScopeRx.Library\ROGStrixScopeRx.Library.csproj", "{310512B2-49D8-4262-B6A7-B51B4B6AB5A4}"
EndProject
Project("{9A19103F-16F7-4668-BE54-9A1E7A4F7556}") = "ROGStrixScop.Library.Windows", "ROGStrixScop.Library.Windows\ROGStrixScop.Library.Windows.csproj", "{FF8E3106-F2FE-4636-83C9-D999E5C8BCBC}"
EndProject
Project("{FAE04EC0-301F-11D3-BF4B-00C04F79EFBC}") = "GUI.WASM.Server", "GUI.WASM\Server\GUI.WASM.Server.csproj", "{60EF7BDC-9F2D-4E32-910A-D9B27C37289B}"
EndProject
Project("{FAE04EC0-301F-11D3-BF4B-00C04F79EFBC}") = "GUI.WASM.Client", "GUI.WASM\Client\GUI.WASM.Client.csproj", "{2170AC89-3DBB-4ED8-816C-E26DB55E0F5A}"
EndProject
Project("{FAE04EC0-301F-11D3-BF4B-00C04F79EFBC}") = "GUI.WASM.Shared", "GUI.WASM\Shared\GUI.WASM.Shared.csproj", "{FE6F876D-1C2E-42AB-88E6-54B808C8B8E2}"
EndProject
Global
	GlobalSection(SolutionConfigurationPlatforms) = preSolution
		Debug|Any CPU = Debug|Any CPU
		Release|Any CPU = Release|Any CPU
	EndGlobalSection
	GlobalSection(ProjectConfigurationPlatforms) = postSolution
		{70C974A9-9577-4830-BB0B-F3960A1DAFD7}.Debug|Any CPU.ActiveCfg = Debug|Any CPU
		{70C974A9-9577-4830-BB0B-F3960A1DAFD7}.Debug|Any CPU.Build.0 = Debug|Any CPU
		{70C974A9-9577-4830-BB0B-F3960A1DAFD7}.Release|Any CPU.ActiveCfg = Release|Any CPU
		{70C974A9-9577-4830-BB0B-F3960A1DAFD7}.Release|Any CPU.Build.0 = Release|Any CPU
		{310512B2-49D8-4262-B6A7-B51B4B6AB5A4}.Debug|Any CPU.ActiveCfg = Debug|Any CPU
		{310512B2-49D8-4262-B6A7-B51B4B6AB5A4}.Debug|Any CPU.Build.0 = Debug|Any CPU
		{310512B2-49D8-4262-B6A7-B51B4B6AB5A4}.Release|Any CPU.ActiveCfg = Release|Any CPU
		{310512B2-49D8-4262-B6A7-B51B4B6AB5A4}.Release|Any CPU.Build.0 = Release|Any CPU
		{FF8E3106-F2FE-4636-83C9-D999E5C8BCBC}.Debug|Any CPU.ActiveCfg = Debug|Any CPU
		{FF8E3106-F2FE-4636-83C9-D999E5C8BCBC}.Debug|Any CPU.Build.0 = Debug|Any CPU
		{FF8E3106-F2FE-4636-83C9-D999E5C8BCBC}.Release|Any CPU.ActiveCfg = Release|Any CPU
		{FF8E3106-F2FE-4636-83C9-D999E5C8BCBC}.Release|Any CPU.Build.0 = Release|Any CPU
		{60EF7BDC-9F2D-4E32-910A-D9B27C37289B}.Debug|Any CPU.ActiveCfg = Debug|Any CPU
		{60EF7BDC-9F2D-4E32-910A-D9B27C37289B}.Debug|Any CPU.Build.0 = Debug|Any CPU
		{60EF7BDC-9F2D-4E32-910A-D9B27C37289B}.Release|Any CPU.ActiveCfg = Release|Any CPU
		{60EF7BDC-9F2D-4E32-910A-D9B27C37289B}.Release|Any CPU.Build.0 = Release|Any CPU
		{2170AC89-3DBB-4ED8-816C-E26DB55E0F5A}.Debug|Any CPU.ActiveCfg = Debug|Any CPU
		{2170AC89-3DBB-4ED8-816C-E26DB55E0F5A}.Debug|Any CPU.Build.0 = Debug|Any CPU
		{2170AC89-3DBB-4ED8-816C-E26DB55E0F5A}.Release|Any CPU.ActiveCfg = Release|Any CPU
		{2170AC89-3DBB-4ED8-816C-E26DB55E0F5A}.Release|Any CPU.Build.0 = Release|Any CPU
		{FE6F876D-1C2E-42AB-88E6-54B808C8B8E2}.Debug|Any CPU.ActiveCfg = Debug|Any CPU
		{FE6F876D-1C2E-42AB-88E6-54B808C8B8E2}.Debug|Any CPU.Build.0 = Debug|Any CPU
		{FE6F876D-1C2E-42AB-88E6-54B808C8B8E2}.Release|Any CPU.ActiveCfg = Release|Any CPU
		{FE6F876D-1C2E-42AB-88E6-54B808C8B8E2}.Release|Any CPU.Build.0 = Release|Any CPU
	EndGlobalSection
	GlobalSection(SolutionProperties) = preSolution
		HideSolutionNode = FALSE
	EndGlobalSection
	GlobalSection(ExtensibilityGlobals) = postSolution
		SolutionGuid = {CB70A50E-6FDC-49D5-8554-3EB47C32A2B2}
	EndGlobalSection
EndGlobal
